
Microsoft Visual Studio Solution File, Format Version 12.00
# Visual Studio Version 17
VisualStudioVersion = 17.3.32929.385
MinimumVisualStudioVersion = 10.0.40219.1
Project("{FAE04EC0-301F-11D3-BF4B-00C04F79EFBC}") = "JobApi", "JobApi\JobApi.csproj", "{8CD63C24-257E-4E2B-947A-F06A188BDB67}"
EndProject
Global
	GlobalSection(SolutionConfigurationPlatforms) = preSolution
		Debug|Any CPU = Debug|Any CPU
		Release|Any CPU = Release|Any CPU
	EndGlobalSection
	GlobalSection(ProjectConfigurationPlatforms) = postSolution
		{8CD63C24-257E-4E2B-947A-F06A188BDB67}.Debug|Any CPU.ActiveCfg = Debug|Any CPU
		{8CD63C24-257E-4E2B-947A-F06A188BDB67}.Debug|Any CPU.Build.0 = Debug|Any CPU
		{8CD63C24-257E-4E2B-947A-F06A188BDB67}.Release|Any CPU.ActiveCfg = Release|Any CPU
		{8CD63C24-257E-4E2B-947A-F06A188BDB67}.Release|Any CPU.Build.0 = Release|Any CPU
	EndGlobalSection
	GlobalSection(SolutionProperties) = preSolution
		HideSolutionNode = FALSE
	EndGlobalSection
	GlobalSection(ExtensibilityGlobals) = postSolution
		SolutionGuid = {2FAF7DCC-4A44-498A-8FE8-13EF9EC4A811}
	EndGlobalSection
EndGlobal
